
Microsoft Visual Studio Solution File, Format Version 12.00
# Visual Studio Version 16
VisualStudioVersion = 16.0.31729.503
MinimumVisualStudioVersion = 10.0.40219.1
Project("{FAE04EC0-301F-11D3-BF4B-00C04F79EFBC}") = "Lab2", "Lab2\Lab2.csproj", "{D9AA0621-1751-4858-BC18-3331F09CDE02}"
EndProject
Global
	GlobalSection(SolutionConfigurationPlatforms) = preSolution
		Debug|Any CPU = Debug|Any CPU
		Release|Any CPU = Release|Any CPU
	EndGlobalSection
	GlobalSection(ProjectConfigurationPlatforms) = postSolution
		{D9AA0621-1751-4858-BC18-3331F09CDE02}.Debug|Any CPU.ActiveCfg = Debug|Any CPU
		{D9AA0621-1751-4858-BC18-3331F09CDE02}.Debug|Any CPU.Build.0 = Debug|Any CPU
		{D9AA0621-1751-4858-BC18-3331F09CDE02}.Release|Any CPU.ActiveCfg = Release|Any CPU
		{D9AA0621-1751-4858-BC18-3331F09CDE02}.Release|Any CPU.Build.0 = Release|Any CPU
	EndGlobalSection
	GlobalSection(SolutionProperties) = preSolution
		HideSolutionNode = FALSE
	EndGlobalSection
	GlobalSection(ExtensibilityGlobals) = postSolution
		SolutionGuid = {67EAE9ED-2021-4214-8966-66A7AA0E9414}
	EndGlobalSection
EndGlobal
